
Microsoft Visual Studio Solution File, Format Version 12.00
# Visual Studio Version 16
VisualStudioVersion = 16.0.29503.13
MinimumVisualStudioVersion = 10.0.40219.1
Project("{FAE04EC0-301F-11D3-BF4B-00C04F79EFBC}") = "BDD.ORM", "BDD-ORM\BDD.ORM.csproj", "{07905B96-152B-4EB1-B26B-807FE7D8C94B}"
EndProject
Project("{FAE04EC0-301F-11D3-BF4B-00C04F79EFBC}") = "CONSOLE.ORM", "CONSOLE.ORM\CONSOLE.ORM.csproj", "{439DF938-2E3C-4BEA-835B-BBF5A4F6FA7D}"
EndProject
Global
	GlobalSection(SolutionConfigurationPlatforms) = preSolution
		Debug|Any CPU = Debug|Any CPU
		Release|Any CPU = Release|Any CPU
	EndGlobalSection
	GlobalSection(ProjectConfigurationPlatforms) = postSolution
		{07905B96-152B-4EB1-B26B-807FE7D8C94B}.Debug|Any CPU.ActiveCfg = Debug|Any CPU
		{07905B96-152B-4EB1-B26B-807FE7D8C94B}.Debug|Any CPU.Build.0 = Debug|Any CPU
		{07905B96-152B-4EB1-B26B-807FE7D8C94B}.Release|Any CPU.ActiveCfg = Release|Any CPU
		{07905B96-152B-4EB1-B26B-807FE7D8C94B}.Release|Any CPU.Build.0 = Release|Any CPU
		{439DF938-2E3C-4BEA-835B-BBF5A4F6FA7D}.Debug|Any CPU.ActiveCfg = Debug|Any CPU
		{439DF938-2E3C-4BEA-835B-BBF5A4F6FA7D}.Debug|Any CPU.Build.0 = Debug|Any CPU
		{439DF938-2E3C-4BEA-835B-BBF5A4F6FA7D}.Release|Any CPU.ActiveCfg = Release|Any CPU
		{439DF938-2E3C-4BEA-835B-BBF5A4F6FA7D}.Release|Any CPU.Build.0 = Release|Any CPU
	EndGlobalSection
	GlobalSection(SolutionProperties) = preSolution
		HideSolutionNode = FALSE
	EndGlobalSection
	GlobalSection(ExtensibilityGlobals) = postSolution
		SolutionGuid = {C489E833-1484-4881-86D6-D224210F42D7}
	EndGlobalSection
EndGlobal
